
Microsoft Visual Studio Solution File, Format Version 12.00
# Visual Studio Version 17
VisualStudioVersion = 17.11.35327.3
MinimumVisualStudioVersion = 10.0.40219.1
Project("{FAE04EC0-301F-11D3-BF4B-00C04F79EFBC}") = "TestSignalR", "TestSignalR.csproj", "{9E8B1F6F-8BC3-440B-8A96-065BB442B4FA}"
EndProject
Project("{FAE04EC0-301F-11D3-BF4B-00C04F79EFBC}") = "UnitTests", "..\UnitTests\UnitTests.csproj", "{9514ECDC-45D9-4BEB-8EA3-B9F3CD3FB523}"
EndProject
Global
	GlobalSection(SolutionConfigurationPlatforms) = preSolution
		Debug|Any CPU = Debug|Any CPU
		Release|Any CPU = Release|Any CPU
	EndGlobalSection
	GlobalSection(ProjectConfigurationPlatforms) = postSolution
		{9E8B1F6F-8BC3-440B-8A96-065BB442B4FA}.Debug|Any CPU.ActiveCfg = Debug|Any CPU
		{9E8B1F6F-8BC3-440B-8A96-065BB442B4FA}.Debug|Any CPU.Build.0 = Debug|Any CPU
		{9E8B1F6F-8BC3-440B-8A96-065BB442B4FA}.Release|Any CPU.ActiveCfg = Release|Any CPU
		{9E8B1F6F-8BC3-440B-8A96-065BB442B4FA}.Release|Any CPU.Build.0 = Release|Any CPU
		{9514ECDC-45D9-4BEB-8EA3-B9F3CD3FB523}.Debug|Any CPU.ActiveCfg = Debug|Any CPU
		{9514ECDC-45D9-4BEB-8EA3-B9F3CD3FB523}.Debug|Any CPU.Build.0 = Debug|Any CPU
		{9514ECDC-45D9-4BEB-8EA3-B9F3CD3FB523}.Release|Any CPU.ActiveCfg = Release|Any CPU
		{9514ECDC-45D9-4BEB-8EA3-B9F3CD3FB523}.Release|Any CPU.Build.0 = Release|Any CPU
	EndGlobalSection
	GlobalSection(SolutionProperties) = preSolution
		HideSolutionNode = FALSE
	EndGlobalSection
	GlobalSection(ExtensibilityGlobals) = postSolution
		SolutionGuid = {5F10A6E6-B46D-4E02-BBCF-17F4E31C9CF0}
	EndGlobalSection
EndGlobal
